
Microsoft Visual Studio Solution File, Format Version 12.00
# Visual Studio Version 17
VisualStudioVersion = 17.5.33530.505
MinimumVisualStudioVersion = 10.0.40219.1
Project("{FAE04EC0-301F-11D3-BF4B-00C04F79EFBC}") = "TextAnalyticsService", "TextAnalyticsService.csproj", "{DD5B90F8-54AA-46F0-84D4-447BB38642BE}"
EndProject
Global
	GlobalSection(SolutionConfigurationPlatforms) = preSolution
		Debug|Any CPU = Debug|Any CPU
		Release|Any CPU = Release|Any CPU
	EndGlobalSection
	GlobalSection(ProjectConfigurationPlatforms) = postSolution
		{DD5B90F8-54AA-46F0-84D4-447BB38642BE}.Debug|Any CPU.ActiveCfg = Debug|Any CPU
		{DD5B90F8-54AA-46F0-84D4-447BB38642BE}.Debug|Any CPU.Build.0 = Debug|Any CPU
		{DD5B90F8-54AA-46F0-84D4-447BB38642BE}.Release|Any CPU.ActiveCfg = Release|Any CPU
		{DD5B90F8-54AA-46F0-84D4-447BB38642BE}.Release|Any CPU.Build.0 = Release|Any CPU
	EndGlobalSection
	GlobalSection(SolutionProperties) = preSolution
		HideSolutionNode = FALSE
	EndGlobalSection
	GlobalSection(ExtensibilityGlobals) = postSolution
		SolutionGuid = {3BCBA092-0961-4B48-9BD0-D471A6910801}
	EndGlobalSection
EndGlobal
